// !$*UTF8*$!
{
	archiveVersion = 1;
	classes = {
	};
	objectVersion = 50;
	objects = {

/* Begin PBXBuildFile section */
		FC3B446D247688410001C7A6 /* AppDelegate.swift in Sources */ = {isa = PBXBuildFile; fileRef = FC3B446C247688410001C7A6 /* AppDelegate.swift */; };
		FC3B446F247688410001C7A6 /* SceneDelegate.swift in Sources */ = {isa = PBXBuildFile; fileRef = FC3B446E247688410001C7A6 /* SceneDelegate.swift */; };
		FC3B4471247688410001C7A6 /* EmojiMemoryGameView.swift in Sources */ = {isa = PBXBuildFile; fileRef = FC3B4470247688410001C7A6 /* EmojiMemoryGameView.swift */; };
		FC3B4473247688420001C7A6 /* Assets.xcassets in Resources */ = {isa = PBXBuildFile; fileRef = FC3B4472247688420001C7A6 /* Assets.xcassets */; };
		FC3B4476247688420001C7A6 /* Preview Assets.xcassets in Resources */ = {isa = PBXBuildFile; fileRef = FC3B4475247688420001C7A6 /* Preview Assets.xcassets */; };
		FC3B4479247688420001C7A6 /* LaunchScreen.storyboard in Resources */ = {isa = PBXBuildFile; fileRef = FC3B4477247688420001C7A6 /* LaunchScreen.storyboard */; };
		FC3B4484247688430001C7A6 /* MemorizeTests.swift in Sources */ = {isa = PBXBuildFile; fileRef = FC3B4483247688430001C7A6 /* MemorizeTests.swift */; };
		FC45D489247FB03B00743A36 /* Grid.swift in Sources */ = {isa = PBXBuildFile; fileRef = FC45D488247FB03B00743A36 /* Grid.swift */; };
		FC45D48B247FBE7500743A36 /* GridLayout.swift in Sources */ = {isa = PBXBuildFile; fileRef = FC45D48A247FBE7500743A36 /* GridLayout.swift */; };
		FC45D48D247FC29D00743A36 /* Array+Identifiable.swift in Sources */ = {isa = PBXBuildFile; fileRef = FC45D48C247FC29D00743A36 /* Array+Identifiable.swift */; };
		FC72B97F247C159D00B63071 /* MemoryGame.swift in Sources */ = {isa = PBXBuildFile; fileRef = FC72B97E247C159D00B63071 /* MemoryGame.swift */; };
		FC72B981247C18BE00B63071 /* EmojiMemoryGame.swift in Sources */ = {isa = PBXBuildFile; fileRef = FC72B980247C18BE00B63071 /* EmojiMemoryGame.swift */; };
		FCEAE23A248E3BC700628AE9 /* Array+Only.swift in Sources */ = {isa = PBXBuildFile; fileRef = FCEAE239248E3BC700628AE9 /* Array+Only.swift */; };
		FCEAE23D248E819300628AE9 /* Pie.swift in Sources */ = {isa = PBXBuildFile; fileRef = FCEAE23C248E819300628AE9 /* Pie.swift */; };
		FCEAE23F248E8EBB00628AE9 /* Cardify.swift in Sources */ = {isa = PBXBuildFile; fileRef = FCEAE23E248E8EBB00628AE9 /* Cardify.swift */; };
/* End PBXBuildFile section */

/* Begin PBXContainerItemProxy section */
		FC3B4480247688430001C7A6 /* PBXContainerItemProxy */ = {
			isa = PBXContainerItemProxy;
			containerPortal = FC3B4461247688410001C7A6 /* Project object */;
			proxyType = 1;
			remoteGlobalIDString = FC3B4468247688410001C7A6;
			remoteInfo = Memorize;
		};
/* End PBXContainerItemProxy section */

/* Begin PBXFileReference section */
		FC3B4469247688410001C7A6 /* Memorize.app */ = {isa = PBXFileReference; explicitFileType = wrapper.application; includeInIndex = 0; path = Memorize.app; sourceTree = BUILT_PRODUCTS_DIR; };
		FC3B446C247688410001C7A6 /* AppDelegate.swift */ = {isa = PBXFileReference; lastKnownFileType = sourcecode.swift; path = AppDelegate.swift; sourceTree = "<group>"; };
		FC3B446E247688410001C7A6 /* SceneDelegate.swift */ = {isa = PBXFileReference; lastKnownFileType = sourcecode.swift; path = SceneDelegate.swift; sourceTree = "<group>"; };
		FC3B4470247688410001C7A6 /* EmojiMemoryGameView.swift */ = {isa = PBXFileReference; lastKnownFileType = sourcecode.swift; path = EmojiMemoryGameView.swift; sourceTree = "<group>"; };
		FC3B4472247688420001C7A6 /* Assets.xcassets */ = {isa = PBXFileReference; lastKnownFileType = folder.assetcatalog; path = Assets.xcassets; sourceTree = "<group>"; };
		FC3B4475247688420001C7A6 /* Preview Assets.xcassets */ = {isa = PBXFileReference; lastKnownFileType = folder.assetcatalog; path = "Preview Assets.xcassets"; sourceTree = "<group>"; };
		FC3B4478247688420001C7A6 /* Base */ = {isa = PBXFileReference; lastKnownFileType = file.storyboard; name = Base; path = Base.lproj/LaunchScreen.storyboard; sourceTree = "<group>"; };
		FC3B447A247688420001C7A6 /* Info.plist */ = {isa = PBXFileReference; lastKnownFileType = text.plist.xml; path = Info.plist; sourceTree = "<group>"; };
		FC3B447F247688430001C7A6 /* MemorizeTests.xctest */ = {isa = PBXFileReference; explicitFileType = wrapper.cfbundle; includeInIndex = 0; path = MemorizeTests.xctest; sourceTree = BUILT_PRODUCTS_DIR; };
		FC3B4483247688430001C7A6 /* MemorizeTests.swift */ = {isa = PBXFileReference; lastKnownFileType = sourcecode.swift; path = MemorizeTests.swift; sourceTree = "<group>"; };
		FC3B4485247688430001C7A6 /* Info.plist */ = {isa = PBXFileReference; lastKnownFileType = text.plist.xml; path = Info.plist; sourceTree = "<group>"; };
		FC45D488247FB03B00743A36 /* Grid.swift */ = {isa = PBXFileReference; lastKnownFileType = sourcecode.swift; path = Grid.swift; sourceTree = "<group>"; };
		FC45D48A247FBE7500743A36 /* GridLayout.swift */ = {isa = PBXFileReference; fileEncoding = 4; lastKnownFileType = sourcecode.swift; path = GridLayout.swift; sourceTree = "<group>"; };
		FC45D48C247FC29D00743A36 /* Array+Identifiable.swift */ = {isa = PBXFileReference; lastKnownFileType = sourcecode.swift; path = "Array+Identifiable.swift"; sourceTree = "<group>"; };
		FC72B97E247C159D00B63071 /* MemoryGame.swift */ = {isa = PBXFileReference; lastKnownFileType = sourcecode.swift; path = MemoryGame.swift; sourceTree = "<group>"; };
		FC72B980247C18BE00B63071 /* EmojiMemoryGame.swift */ = {isa = PBXFileReference; lastKnownFileType = sourcecode.swift; path = EmojiMemoryGame.swift; sourceTree = "<group>"; };
		FC72B982247D013D00B63071 /* README.md */ = {isa = PBXFileReference; lastKnownFileType = net.daringfireball.markdown; name = README.md; path = ../README.md; sourceTree = "<group>"; };
		FCEAE239248E3BC700628AE9 /* Array+Only.swift */ = {isa = PBXFileReference; lastKnownFileType = sourcecode.swift; path = "Array+Only.swift"; sourceTree = "<group>"; };
		FCEAE23C248E819300628AE9 /* Pie.swift */ = {isa = PBXFileReference; lastKnownFileType = sourcecode.swift; path = Pie.swift; sourceTree = "<group>"; };
		FCEAE23E248E8EBB00628AE9 /* Cardify.swift */ = {isa = PBXFileReference; lastKnownFileType = sourcecode.swift; path = Cardify.swift; sourceTree = "<group>"; };
/* End PBXFileReference section */

/* Begin PBXFrameworksBuildPhase section */
		FC3B4466247688410001C7A6 /* Frameworks */ = {
			isa = PBXFrameworksBuildPhase;
			buildActionMask = 2147483647;
			files = (
			);
			runOnlyForDeploymentPostprocessing = 0;
		};
		FC3B447C247688430001C7A6 /* Frameworks */ = {
			isa = PBXFrameworksBuildPhase;
			buildActionMask = 2147483647;
			files = (
			);
			runOnlyForDeploymentPostprocessing = 0;
		};
/* End PBXFrameworksBuildPhase section */

/* Begin PBXGroup section */
		FC3B4460247688410001C7A6 = {
			isa = PBXGroup;
			children = (
				FC72B982247D013D00B63071 /* README.md */,
				FC3B446B247688410001C7A6 /* Memorize */,
				FC3B4482247688430001C7A6 /* MemorizeTests */,
				FC3B446A247688410001C7A6 /* Products */,
			);
			sourceTree = "<group>";
		};
		FC3B446A247688410001C7A6 /* Products */ = {
			isa = PBXGroup;
			children = (
				FC3B4469247688410001C7A6 /* Memorize.app */,
				FC3B447F247688430001C7A6 /* MemorizeTests.xctest */,
			);
			name = Products;
			sourceTree = "<group>";
		};
		FC3B446B247688410001C7A6 /* Memorize */ = {
			isa = PBXGroup;
			children = (
				FC3B446C247688410001C7A6 /* AppDelegate.swift */,
				FC3B446E247688410001C7A6 /* SceneDelegate.swift */,
				FC3B4470247688410001C7A6 /* EmojiMemoryGameView.swift */,
				FCEAE23E248E8EBB00628AE9 /* Cardify.swift */,
				FC72B980247C18BE00B63071 /* EmojiMemoryGame.swift */,
				FC45D488247FB03B00743A36 /* Grid.swift */,
				FC45D48A247FBE7500743A36 /* GridLayout.swift */,
				FCEAE23C248E819300628AE9 /* Pie.swift */,
				FC72B97E247C159D00B63071 /* MemoryGame.swift */,
				FCEAE23B248E6DE900628AE9 /* Extensions */,
				FC3B4472247688420001C7A6 /* Assets.xcassets */,
				FC3B4477247688420001C7A6 /* LaunchScreen.storyboard */,
				FC3B447A247688420001C7A6 /* Info.plist */,
				FC3B4474247688420001C7A6 /* Preview Content */,
			);
			path = Memorize;
			sourceTree = "<group>";
		};
		FC3B4474247688420001C7A6 /* Preview Content */ = {
			isa = PBXGroup;
			children = (
				FC3B4475247688420001C7A6 /* Preview Assets.xcassets */,
			);
			path = "Preview Content";
			sourceTree = "<group>";
		};
		FC3B4482247688430001C7A6 /* MemorizeTests */ = {
			isa = PBXGroup;
			children = (
				FC3B4483247688430001C7A6 /* MemorizeTests.swift */,
				FC3B4485247688430001C7A6 /* Info.plist */,
			);
			path = MemorizeTests;
			sourceTree = "<group>";
		};
		FCEAE23B248E6DE900628AE9 /* Extensions */ = {
			isa = PBXGroup;
			children = (
				FCEAE239248E3BC700628AE9 /* Array+Only.swift */,
				FC45D48C247FC29D00743A36 /* Array+Identifiable.swift */,
			);
			path = Extensions;
			sourceTree = "<group>";
		};
/* End PBXGroup section */

/* Begin PBXNativeTarget section */
		FC3B4468247688410001C7A6 /* Memorize */ = {
			isa = PBXNativeTarget;
			buildConfigurationList = FC3B4488247688430001C7A6 /* Build configuration list for PBXNativeTarget "Memorize" */;
			buildPhases = (
				FC3B4465247688410001C7A6 /* Sources */,
				FC3B4466247688410001C7A6 /* Frameworks */,
				FC3B4467247688410001C7A6 /* Resources */,
			);
			buildRules = (
			);
			dependencies = (
			);
			name = Memorize;
			productName = Memorize;
			productReference = FC3B4469247688410001C7A6 /* Memorize.app */;
			productType = "com.apple.product-type.application";
		};
		FC3B447E247688430001C7A6 /* MemorizeTests */ = {
			isa = PBXNativeTarget;
			buildConfigurationList = FC3B448B247688430001C7A6 /* Build configuration list for PBXNativeTarget "MemorizeTests" */;
			buildPhases = (
				FC3B447B247688430001C7A6 /* Sources */,
				FC3B447C247688430001C7A6 /* Frameworks */,
				FC3B447D247688430001C7A6 /* Resources */,
			);
			buildRules = (
			);
			dependencies = (
				FC3B4481247688430001C7A6 /* PBXTargetDependency */,
			);
			name = MemorizeTests;
			productName = MemorizeTests;
			productReference = FC3B447F247688430001C7A6 /* MemorizeTests.xctest */;
			productType = "com.apple.product-type.bundle.unit-test";
		};
/* End PBXNativeTarget section */

/* Begin PBXProject section */
		FC3B4461247688410001C7A6 /* Project object */ = {
			isa = PBXProject;
			attributes = {
				LastSwiftUpdateCheck = 1150;
				LastUpgradeCheck = 1150;
				ORGANIZATIONNAME = "Andrea Stevanato";
				TargetAttributes = {
					FC3B4468247688410001C7A6 = {
						CreatedOnToolsVersion = 11.5;
					};
					FC3B447E247688430001C7A6 = {
						CreatedOnToolsVersion = 11.5;
						TestTargetID = FC3B4468247688410001C7A6;
					};
				};
			};
			buildConfigurationList = FC3B4464247688410001C7A6 /* Build configuration list for PBXProject "Memorize" */;
			compatibilityVersion = "Xcode 9.3";
			developmentRegion = en;
			hasScannedForEncodings = 0;
			knownRegions = (
				en,
				Base,
			);
			mainGroup = FC3B4460247688410001C7A6;
			productRefGroup = FC3B446A247688410001C7A6 /* Products */;
			projectDirPath = "";
			projectRoot = "";
			targets = (
				FC3B4468247688410001C7A6 /* Memorize */,
				FC3B447E247688430001C7A6 /* MemorizeTests */,
			);
		};
/* End PBXProject section */

/* Begin PBXResourcesBuildPhase section */
		FC3B4467247688410001C7A6 /* Resources */ = {
			isa = PBXResourcesBuildPhase;
			buildActionMask = 2147483647;
			files = (
				FC3B4479247688420001C7A6 /* LaunchScreen.storyboard in Resources */,
				FC3B4476247688420001C7A6 /* Preview Assets.xcassets in Resources */,
				FC3B4473247688420001C7A6 /* Assets.xcassets in Resources */,
			);
			runOnlyForDeploymentPostprocessing = 0;
		};
		FC3B447D247688430001C7A6 /* Resources */ = {
			isa = PBXResourcesBuildPhase;
			buildActionMask = 2147483647;
			files = (
			);
			runOnlyForDeploymentPostprocessing = 0;
		};
/* End PBXResourcesBuildPhase section */

/* Begin PBXSourcesBuildPhase section */
		FC3B4465247688410001C7A6 /* Sources */ = {
			isa = PBXSourcesBuildPhase;
			buildActionMask = 2147483647;
			files = (
				FCEAE23F248E8EBB00628AE9 /* Cardify.swift in Sources */,
				FCEAE23D248E819300628AE9 /* Pie.swift in Sources */,
				FC3B446D247688410001C7A6 /* AppDelegate.swift in Sources */,
				FC3B446F247688410001C7A6 /* SceneDelegate.swift in Sources */,
				FC72B97F247C159D00B63071 /* MemoryGame.swift in Sources */,
				FCEAE23A248E3BC700628AE9 /* Array+Only.swift in Sources */,
				FC3B4471247688410001C7A6 /* EmojiMemoryGameView.swift in Sources */,
				FC72B981247C18BE00B63071 /* EmojiMemoryGame.swift in Sources */,
				FC45D48D247FC29D00743A36 /* Array+Identifiable.swift in Sources */,
				FC45D48B247FBE7500743A36 /* GridLayout.swift in Sources */,
				FC45D489247FB03B00743A36 /* Grid.swift in Sources */,
			);
			runOnlyForDeploymentPostprocessing = 0;
		};
		FC3B447B247688430001C7A6 /* Sources */ = {
			isa = PBXSourcesBuildPhase;
			buildActionMask = 2147483647;
			files = (
				FC3B4484247688430001C7A6 /* MemorizeTests.swift in Sources */,
			);
			runOnlyForDeploymentPostprocessing = 0;
		};
/* End PBXSourcesBuildPhase section */

/* Begin PBXTargetDependency section */
		FC3B4481247688430001C7A6 /* PBXTargetDependency */ = {
			isa = PBXTargetDependency;
			target = FC3B4468247688410001C7A6 /* Memorize */;
			targetProxy = FC3B4480247688430001C7A6 /* PBXContainerItemProxy */;
		};
/* End PBXTargetDependency section */

/* Begin PBXVariantGroup section */
		FC3B4477247688420001C7A6 /* LaunchScreen.storyboard */ = {
			isa = PBXVariantGroup;
			children = (
				FC3B4478247688420001C7A6 /* Base */,
			);
			name = LaunchScreen.storyboard;
			sourceTree = "<group>";
		};
/* End PBXVariantGroup section */

/* Begin XCBuildConfiguration section */
		FC3B4486247688430001C7A6 /* Debug */ = {
			isa = XCBuildConfiguration;
			buildSettings = {
				ALWAYS_SEARCH_USER_PATHS = NO;
				CLANG_ANALYZER_NONNULL = YES;
				CLANG_ANALYZER_NUMBER_OBJECT_CONVERSION = YES_AGGRESSIVE;
				CLANG_CXX_LANGUAGE_STANDARD = "gnu++14";
				CLANG_CXX_LIBRARY = "libc++";
				CLANG_ENABLE_MODULES = YES;
				CLANG_ENABLE_OBJC_ARC = YES;
				CLANG_ENABLE_OBJC_WEAK = YES;
				CLANG_WARN_BLOCK_CAPTURE_AUTORELEASING = YES;
				CLANG_WARN_BOOL_CONVERSION = YES;
				CLANG_WARN_COMMA = YES;
				CLANG_WARN_CONSTANT_CONVERSION = YES;
				CLANG_WARN_DEPRECATED_OBJC_IMPLEMENTATIONS = YES;
				CLANG_WARN_DIRECT_OBJC_ISA_USAGE = YES_ERROR;
				CLANG_WARN_DOCUMENTATION_COMMENTS = YES;
				CLANG_WARN_EMPTY_BODY = YES;
				CLANG_WARN_ENUM_CONVERSION = YES;
				CLANG_WARN_INFINITE_RECURSION = YES;
				CLANG_WARN_INT_CONVERSION = YES;
				CLANG_WARN_NON_LITERAL_NULL_CONVERSION = YES;
				CLANG_WARN_OBJC_IMPLICIT_RETAIN_SELF = YES;
				CLANG_WARN_OBJC_LITERAL_CONVERSION = YES;
				CLANG_WARN_OBJC_ROOT_CLASS = YES_ERROR;
				CLANG_WARN_RANGE_LOOP_ANALYSIS = YES;
				CLANG_WARN_STRICT_PROTOTYPES = YES;
				CLANG_WARN_SUSPICIOUS_MOVE = YES;
				CLANG_WARN_UNGUARDED_AVAILABILITY = YES_AGGRESSIVE;
				CLANG_WARN_UNREACHABLE_CODE = YES;
				CLANG_WARN__DUPLICATE_METHOD_MATCH = YES;
				COPY_PHASE_STRIP = NO;
				DEBUG_INFORMATION_FORMAT = dwarf;
				ENABLE_STRICT_OBJC_MSGSEND = YES;
				ENABLE_TESTABILITY = YES;
				GCC_C_LANGUAGE_STANDARD = gnu11;
				GCC_DYNAMIC_NO_PIC = NO;
				GCC_NO_COMMON_BLOCKS = YES;
				GCC_OPTIMIZATION_LEVEL = 0;
				GCC_PREPROCESSOR_DEFINITIONS = (
					"DEBUG=1",
					"$(inherited)",
				);
				GCC_WARN_64_TO_32_BIT_CONVERSION = YES;
				GCC_WARN_ABOUT_RETURN_TYPE = YES_ERROR;
				GCC_WARN_UNDECLARED_SELECTOR = YES;
				GCC_WARN_UNINITIALIZED_AUTOS = YES_AGGRESSIVE;
				GCC_WARN_UNUSED_FUNCTION = YES;
				GCC_WARN_UNUSED_VARIABLE = YES;
				IPHONEOS_DEPLOYMENT_TARGET = 13.5;
				MTL_ENABLE_DEBUG_INFO = INCLUDE_SOURCE;
				MTL_FAST_MATH = YES;
				ONLY_ACTIVE_ARCH = YES;
				SDKROOT = iphoneos;
				SWIFT_ACTIVE_COMPILATION_CONDITIONS = DEBUG;
				SWIFT_OPTIMIZATION_LEVEL = "-Onone";
			};
			name = Debug;
		};
		FC3B4487247688430001C7A6 /* Release */ = {
			isa = XCBuildConfiguration;
			buildSettings = {
				ALWAYS_SEARCH_USER_PATHS = NO;
				CLANG_ANALYZER_NONNULL = YES;
				CLANG_ANALYZER_NUMBER_OBJECT_CONVERSION = YES_AGGRESSIVE;
				CLANG_CXX_LANGUAGE_STANDARD = "gnu++14";
				CLANG_CXX_LIBRARY = "libc++";
				CLANG_ENABLE_MODULES = YES;
				CLANG_ENABLE_OBJC_ARC = YES;
				CLANG_ENABLE_OBJC_WEAK = YES;
				CLANG_WARN_BLOCK_CAPTURE_AUTORELEASING = YES;
				CLANG_WARN_BOOL_CONVERSION = YES;
				CLANG_WARN_COMMA = YES;
				CLANG_WARN_CONSTANT_CONVERSION = YES;
				CLANG_WARN_DEPRECATED_OBJC_IMPLEMENTATIONS = YES;
				CLANG_WARN_DIRECT_OBJC_ISA_USAGE = YES_ERROR;
				CLANG_WARN_DOCUMENTATION_COMMENTS = YES;
				CLANG_WARN_EMPTY_BODY = YES;
				CLANG_WARN_ENUM_CONVERSION = YES;
				CLANG_WARN_INFINITE_RECURSION = YES;
				CLANG_WARN_INT_CONVERSION = YES;
				CLANG_WARN_NON_LITERAL_NULL_CONVERSION = YES;
				CLANG_WARN_OBJC_IMPLICIT_RETAIN_SELF = YES;
				CLANG_WARN_OBJC_LITERAL_CONVERSION = YES;
				CLANG_WARN_OBJC_ROOT_CLASS = YES_ERROR;
				CLANG_WARN_RANGE_LOOP_ANALYSIS = YES;
				CLANG_WARN_STRICT_PROTOTYPES = YES;
				CLANG_WARN_SUSPICIOUS_MOVE = YES;
				CLANG_WARN_UNGUARDED_AVAILABILITY = YES_AGGRESSIVE;
				CLANG_WARN_UNREACHABLE_CODE = YES;
				CLANG_WARN__DUPLICATE_METHOD_MATCH = YES;
				COPY_PHASE_STRIP = NO;
				DEBUG_INFORMATION_FORMAT = "dwarf-with-dsym";
				ENABLE_NS_ASSERTIONS = NO;
				ENABLE_STRICT_OBJC_MSGSEND = YES;
				GCC_C_LANGUAGE_STANDARD = gnu11;
				GCC_NO_COMMON_BLOCKS = YES;
				GCC_WARN_64_TO_32_BIT_CONVERSION = YES;
				GCC_WARN_ABOUT_RETURN_TYPE = YES_ERROR;
				GCC_WARN_UNDECLARED_SELECTOR = YES;
				GCC_WARN_UNINITIALIZED_AUTOS = YES_AGGRESSIVE;
				GCC_WARN_UNUSED_FUNCTION = YES;
				GCC_WARN_UNUSED_VARIABLE = YES;
				IPHONEOS_DEPLOYMENT_TARGET = 13.5;
				MTL_ENABLE_DEBUG_INFO = NO;
				MTL_FAST_MATH = YES;
				SDKROOT = iphoneos;
				SWIFT_COMPILATION_MODE = wholemodule;
				SWIFT_OPTIMIZATION_LEVEL = "-O";
				VALIDATE_PRODUCT = YES;
			};
			name = Release;
		};
		FC3B4489247688430001C7A6 /* Debug */ = {
			isa = XCBuildConfiguration;
			buildSettings = {
				ASSETCATALOG_COMPILER_APPICON_NAME = AppIcon;
				CODE_SIGN_STYLE = Automatic;
				DEVELOPMENT_ASSET_PATHS = "\"Memorize/Preview Content\"";
				DEVELOPMENT_TEAM = A2VGE7F94S;
				ENABLE_PREVIEWS = YES;
				INFOPLIST_FILE = Memorize/Info.plist;
				LD_RUNPATH_SEARCH_PATHS = (
					"$(inherited)",
					"@executable_path/Frameworks",
				);
				PRODUCT_BUNDLE_IDENTIFIER = com.as.stanford.Memorize.Memorize;
				PRODUCT_NAME = "$(TARGET_NAME)";
				SWIFT_VERSION = 5.0;
				TARGETED_DEVICE_FAMILY = "1,2";
			};
			name = Debug;
		};
		FC3B448A247688430001C7A6 /* Release */ = {
			isa = XCBuildConfiguration;
			buildSettings = {
				ASSETCATALOG_COMPILER_APPICON_NAME = AppIcon;
				CODE_SIGN_STYLE = Automatic;
				DEVELOPMENT_ASSET_PATHS = "\"Memorize/Preview Content\"";
				DEVELOPMENT_TEAM = A2VGE7F94S;
				ENABLE_PREVIEWS = YES;
				INFOPLIST_FILE = Memorize/Info.plist;
				LD_RUNPATH_SEARCH_PATHS = (
					"$(inherited)",
					"@executable_path/Frameworks",
				);
				PRODUCT_BUNDLE_IDENTIFIER = com.as.stanford.Memorize.Memorize;
				PRODUCT_NAME = "$(TARGET_NAME)";
				SWIFT_VERSION = 5.0;
				TARGETED_DEVICE_FAMILY = "1,2";
			};
			name = Release;
		};
		FC3B448C247688430001C7A6 /* Debug */ = {
			isa = XCBuildConfiguration;
			buildSettings = {
				ALWAYS_EMBED_SWIFT_STANDARD_LIBRARIES = YES;
				BUNDLE_LOADER = "$(TEST_HOST)";
				CODE_SIGN_STYLE = Automatic;
				DEVELOPMENT_TEAM = A2VGE7F94S;
				INFOPLIST_FILE = MemorizeTests/Info.plist;
				IPHONEOS_DEPLOYMENT_TARGET = 13.5;
				LD_RUNPATH_SEARCH_PATHS = (
					"$(inherited)",
					"@executable_path/Frameworks",
					"@loader_path/Frameworks",
				);
				PRODUCT_BUNDLE_IDENTIFIER = com.as.stanford.Memorize.MemorizeTests;
				PRODUCT_NAME = "$(TARGET_NAME)";
				SWIFT_VERSION = 5.0;
				TARGETED_DEVICE_FAMILY = "1,2";
				TEST_HOST = "$(BUILT_PRODUCTS_DIR)/Memorize.app/Memorize";
			};
			name = Debug;
		};
		FC3B448D247688430001C7A6 /* Release */ = {
			isa = XCBuildConfiguration;
			buildSettings = {
				ALWAYS_EMBED_SWIFT_STANDARD_LIBRARIES = YES;
				BUNDLE_LOADER = "$(TEST_HOST)";
				CODE_SIGN_STYLE = Automatic;
				DEVELOPMENT_TEAM = A2VGE7F94S;
				INFOPLIST_FILE = MemorizeTests/Info.plist;
				IPHONEOS_DEPLOYMENT_TARGET = 13.5;
				LD_RUNPATH_SEARCH_PATHS = (
					"$(inherited)",
					"@executable_path/Frameworks",
					"@loader_path/Frameworks",
				);
				PRODUCT_BUNDLE_IDENTIFIER = com.as.stanford.Memorize.MemorizeTests;
				PRODUCT_NAME = "$(TARGET_NAME)";
				SWIFT_VERSION = 5.0;
				TARGETED_DEVICE_FAMILY = "1,2";
				TEST_HOST = "$(BUILT_PRODUCTS_DIR)/Memorize.app/Memorize";
			};
			name = Release;
		};
/* End XCBuildConfiguration section */

/* Begin XCConfigurationList section */
		FC3B4464247688410001C7A6 /* Build configuration list for PBXProject "Memorize" */ = {
			isa = XCConfigurationList;
			buildConfigurations = (
				FC3B4486247688430001C7A6 /* Debug */,
				FC3B4487247688430001C7A6 /* Release */,
			);
			defaultConfigurationIsVisible = 0;
			defaultConfigurationName = Release;
		};
		FC3B4488247688430001C7A6 /* Build configuration list for PBXNativeTarget "Memorize" */ = {
			isa = XCConfigurationList;
			buildConfigurations = (
				FC3B4489247688430001C7A6 /* Debug */,
				FC3B448A247688430001C7A6 /* Release */,
			);
			defaultConfigurationIsVisible = 0;
			defaultConfigurationName = Release;
		};
		FC3B448B247688430001C7A6 /* Build configuration list for PBXNativeTarget "MemorizeTests" */ = {
			isa = XCConfigurationList;
			buildConfigurations = (
				FC3B448C247688430001C7A6 /* Debug */,
				FC3B448D247688430001C7A6 /* Release */,
			);
			defaultConfigurationIsVisible = 0;
			defaultConfigurationName = Release;
		};
/* End XCConfigurationList section */
	};
	rootObject = FC3B4461247688410001C7A6 /* Project object */;
}
